
Microsoft Visual Studio Solution File, Format Version 12.00
# Visual Studio Version 17
VisualStudioVersion = 17.13.35806.99 d17.13
MinimumVisualStudioVersion = 10.0.40219.1
Project("{FAE04EC0-301F-11D3-BF4B-00C04F79EFBC}") = "ContactBook3.0", "ContactBook3.0.csproj", "{2263621A-9028-4A69-9DAF-8E5AF47874B0}"
EndProject
Global
	GlobalSection(SolutionConfigurationPlatforms) = preSolution
		Debug|Any CPU = Debug|Any CPU
		Release|Any CPU = Release|Any CPU
	EndGlobalSection
	GlobalSection(ProjectConfigurationPlatforms) = postSolution
		{2263621A-9028-4A69-9DAF-8E5AF47874B0}.Debug|Any CPU.ActiveCfg = Debug|Any CPU
		{2263621A-9028-4A69-9DAF-8E5AF47874B0}.Debug|Any CPU.Build.0 = Debug|Any CPU
		{2263621A-9028-4A69-9DAF-8E5AF47874B0}.Release|Any CPU.ActiveCfg = Release|Any CPU
		{2263621A-9028-4A69-9DAF-8E5AF47874B0}.Release|Any CPU.Build.0 = Release|Any CPU
	EndGlobalSection
	GlobalSection(SolutionProperties) = preSolution
		HideSolutionNode = FALSE
	EndGlobalSection
	GlobalSection(ExtensibilityGlobals) = postSolution
		SolutionGuid = {1FB38715-ED0F-4294-9D3B-18975B697669}
	EndGlobalSection
EndGlobal
